{
  "object": {
    "pins": [
      {
        "package": "swift-libmysql",
        "repositoryURL": "https://github.com/nicholasjackson/swift-libmysql",
        "state": {
          "branch": null,
          "revision": "7354cab9c38aa016a8bb07a9678f64878b4d5752",
          "version": "0.1.0"
        }
      }
    ]
  },
  "version": 1
}
